// !$*UTF8*$!
{
	archiveVersion = 1;
	classes = {
	};
	objectVersion = 50;
	objects = {

/* Begin PBXBuildFile section */
		85246914256F38F800A81A66 /* AppDelegate.swift in Sources */ = {isa = PBXBuildFile; fileRef = 85246913256F38F800A81A66 /* AppDelegate.swift */; };
		85246916256F38F800A81A66 /* SceneDelegate.swift in Sources */ = {isa = PBXBuildFile; fileRef = 85246915256F38F800A81A66 /* SceneDelegate.swift */; };
		85246918256F38F800A81A66 /* HomeViewController.swift in Sources */ = {isa = PBXBuildFile; fileRef = 85246917256F38F800A81A66 /* HomeViewController.swift */; };
		8524691D256F38FA00A81A66 /* Assets.xcassets in Resources */ = {isa = PBXBuildFile; fileRef = 8524691C256F38FA00A81A66 /* Assets.xcassets */; };
		85246920256F38FA00A81A66 /* LaunchScreen.storyboard in Resources */ = {isa = PBXBuildFile; fileRef = 8524691E256F38FA00A81A66 /* LaunchScreen.storyboard */; };
		8524692B256F38FA00A81A66 /* MPInterviewTests.swift in Sources */ = {isa = PBXBuildFile; fileRef = 8524692A256F38FA00A81A66 /* MPInterviewTests.swift */; };
		85246936256F38FA00A81A66 /* MPInterviewUITests.swift in Sources */ = {isa = PBXBuildFile; fileRef = 85246935256F38FA00A81A66 /* MPInterviewUITests.swift */; };
		8524694A256F46F800A81A66 /* BaseViewController.swift in Sources */ = {isa = PBXBuildFile; fileRef = 85246949256F46F800A81A66 /* BaseViewController.swift */; };
		8524694E256F494D00A81A66 /* HTTPClient.swift in Sources */ = {isa = PBXBuildFile; fileRef = 8524694D256F494D00A81A66 /* HTTPClient.swift */; };
		85246950256F504400A81A66 /* Constants.swift in Sources */ = {isa = PBXBuildFile; fileRef = 8524694F256F504400A81A66 /* Constants.swift */; };
		85246952256F54E300A81A66 /* HomeViewModel.swift in Sources */ = {isa = PBXBuildFile; fileRef = 85246951256F54E300A81A66 /* HomeViewModel.swift */; };
		85246957256F561800A81A66 /* HomeWidgetModel.swift in Sources */ = {isa = PBXBuildFile; fileRef = 85246956256F561800A81A66 /* HomeWidgetModel.swift */; };
		855ED2902571E34E00AD67EE /* HomeCardWidgetUIModel.swift in Sources */ = {isa = PBXBuildFile; fileRef = 855ED28F2571E34E00AD67EE /* HomeCardWidgetUIModel.swift */; };
		855ED29B257200AF00AD67EE /* HomeStatementWidgetView.swift in Sources */ = {isa = PBXBuildFile; fileRef = 855ED29A257200AF00AD67EE /* HomeStatementWidgetView.swift */; };
		855ED2A02572033900AD67EE /* HomeStatementWidgetUIModel.swift in Sources */ = {isa = PBXBuildFile; fileRef = 855ED29F2572033900AD67EE /* HomeStatementWidgetUIModel.swift */; };
		855ED2AA25720D8D00AD67EE /* CardDetailViewController.swift in Sources */ = {isa = PBXBuildFile; fileRef = 855ED2A925720D8D00AD67EE /* CardDetailViewController.swift */; };
		855ED2B225720D9E00AD67EE /* StatementDetailViewController.swift in Sources */ = {isa = PBXBuildFile; fileRef = 855ED2B125720D9E00AD67EE /* StatementDetailViewController.swift */; };
		85670738257267AA00B06AC3 /* CardView.swift in Sources */ = {isa = PBXBuildFile; fileRef = 85670737257267AA00B06AC3 /* CardView.swift */; };
		85670745257270DE00B06AC3 /* CardDetailViewModel.swift in Sources */ = {isa = PBXBuildFile; fileRef = 85670744257270DE00B06AC3 /* CardDetailViewModel.swift */; };
		8567074A2572713200B06AC3 /* CardDetailModel.swift in Sources */ = {isa = PBXBuildFile; fileRef = 856707492572713200B06AC3 /* CardDetailModel.swift */; };
		856707552572759800B06AC3 /* CardDetailView.swift in Sources */ = {isa = PBXBuildFile; fileRef = 856707542572759800B06AC3 /* CardDetailView.swift */; };
		8567075A257286F500B06AC3 /* StatementDetailModel.swift in Sources */ = {isa = PBXBuildFile; fileRef = 85670759257286F500B06AC3 /* StatementDetailModel.swift */; };
		856707652572881300B06AC3 /* StatementDetailViewModel.swift in Sources */ = {isa = PBXBuildFile; fileRef = 856707642572881300B06AC3 /* StatementDetailViewModel.swift */; };
		8567076A2572898A00B06AC3 /* StatementDetailView.swift in Sources */ = {isa = PBXBuildFile; fileRef = 856707692572898A00B06AC3 /* StatementDetailView.swift */; };
		856707812572C2CD00B06AC3 /* HttpClientTests.swift in Sources */ = {isa = PBXBuildFile; fileRef = 856707802572C2CD00B06AC3 /* HttpClientTests.swift */; };
		856707A125730E2600B06AC3 /* InterviewAPI.swift in Sources */ = {isa = PBXBuildFile; fileRef = 856707A025730E2600B06AC3 /* InterviewAPI.swift */; };
		856707A72573182400B06AC3 /* HTTPMock.swift in Sources */ = {isa = PBXBuildFile; fileRef = 856707A62573182400B06AC3 /* HTTPMock.swift */; };
		856707AF25731D3400B06AC3 /* InterviewAPITest.swift in Sources */ = {isa = PBXBuildFile; fileRef = 856707AE25731D3400B06AC3 /* InterviewAPITest.swift */; };
		85BC5DBE2571946700125362 /* HomeHeaderWidgetUIModel.swift in Sources */ = {isa = PBXBuildFile; fileRef = 85BC5DBD2571946700125362 /* HomeHeaderWidgetUIModel.swift */; };
		85BC5DC32571949F00125362 /* HomeCardWidgetView.swift in Sources */ = {isa = PBXBuildFile; fileRef = 85BC5DC22571949F00125362 /* HomeCardWidgetView.swift */; };
		85BC5DC82571955E00125362 /* HomeCardView.swift in Sources */ = {isa = PBXBuildFile; fileRef = 85BC5DC72571955E00125362 /* HomeCardView.swift */; };
/* End PBXBuildFile section */

/* Begin PBXContainerItemProxy section */
		85246927256F38FA00A81A66 /* PBXContainerItemProxy */ = {
			isa = PBXContainerItemProxy;
			containerPortal = 85246908256F38F800A81A66 /* Project object */;
			proxyType = 1;
			remoteGlobalIDString = 8524690F256F38F800A81A66;
			remoteInfo = MPInterview;
		};
		85246932256F38FA00A81A66 /* PBXContainerItemProxy */ = {
			isa = PBXContainerItemProxy;
			containerPortal = 85246908256F38F800A81A66 /* Project object */;
			proxyType = 1;
			remoteGlobalIDString = 8524690F256F38F800A81A66;
			remoteInfo = MPInterview;
		};
/* End PBXContainerItemProxy section */

/* Begin PBXFileReference section */
		85246910256F38F800A81A66 /* MPInterview.app */ = {isa = PBXFileReference; explicitFileType = wrapper.application; includeInIndex = 0; path = MPInterview.app; sourceTree = BUILT_PRODUCTS_DIR; };
		85246913256F38F800A81A66 /* AppDelegate.swift */ = {isa = PBXFileReference; lastKnownFileType = sourcecode.swift; path = AppDelegate.swift; sourceTree = "<group>"; };
		85246915256F38F800A81A66 /* SceneDelegate.swift */ = {isa = PBXFileReference; lastKnownFileType = sourcecode.swift; path = SceneDelegate.swift; sourceTree = "<group>"; };
		85246917256F38F800A81A66 /* HomeViewController.swift */ = {isa = PBXFileReference; lastKnownFileType = sourcecode.swift; path = HomeViewController.swift; sourceTree = "<group>"; };
		8524691C256F38FA00A81A66 /* Assets.xcassets */ = {isa = PBXFileReference; lastKnownFileType = folder.assetcatalog; path = Assets.xcassets; sourceTree = "<group>"; };
		8524691F256F38FA00A81A66 /* Base */ = {isa = PBXFileReference; lastKnownFileType = file.storyboard; name = Base; path = Base.lproj/LaunchScreen.storyboard; sourceTree = "<group>"; };
		85246921256F38FA00A81A66 /* Info.plist */ = {isa = PBXFileReference; lastKnownFileType = text.plist.xml; path = Info.plist; sourceTree = "<group>"; };
		85246926256F38FA00A81A66 /* MPInterviewTests.xctest */ = {isa = PBXFileReference; explicitFileType = wrapper.cfbundle; includeInIndex = 0; path = MPInterviewTests.xctest; sourceTree = BUILT_PRODUCTS_DIR; };
		8524692A256F38FA00A81A66 /* MPInterviewTests.swift */ = {isa = PBXFileReference; lastKnownFileType = sourcecode.swift; path = MPInterviewTests.swift; sourceTree = "<group>"; };
		8524692C256F38FA00A81A66 /* Info.plist */ = {isa = PBXFileReference; lastKnownFileType = text.plist.xml; path = Info.plist; sourceTree = "<group>"; };
		85246931256F38FA00A81A66 /* MPInterviewUITests.xctest */ = {isa = PBXFileReference; explicitFileType = wrapper.cfbundle; includeInIndex = 0; path = MPInterviewUITests.xctest; sourceTree = BUILT_PRODUCTS_DIR; };
		85246935256F38FA00A81A66 /* MPInterviewUITests.swift */ = {isa = PBXFileReference; lastKnownFileType = sourcecode.swift; path = MPInterviewUITests.swift; sourceTree = "<group>"; };
		85246937256F38FA00A81A66 /* Info.plist */ = {isa = PBXFileReference; lastKnownFileType = text.plist.xml; path = Info.plist; sourceTree = "<group>"; };
		85246949256F46F800A81A66 /* BaseViewController.swift */ = {isa = PBXFileReference; lastKnownFileType = sourcecode.swift; path = BaseViewController.swift; sourceTree = "<group>"; };
		8524694D256F494D00A81A66 /* HTTPClient.swift */ = {isa = PBXFileReference; lastKnownFileType = sourcecode.swift; path = HTTPClient.swift; sourceTree = "<group>"; };
		8524694F256F504400A81A66 /* Constants.swift */ = {isa = PBXFileReference; lastKnownFileType = sourcecode.swift; path = Constants.swift; sourceTree = "<group>"; };
		85246951256F54E300A81A66 /* HomeViewModel.swift */ = {isa = PBXFileReference; lastKnownFileType = sourcecode.swift; path = HomeViewModel.swift; sourceTree = "<group>"; };
		85246956256F561800A81A66 /* HomeWidgetModel.swift */ = {isa = PBXFileReference; lastKnownFileType = sourcecode.swift; path = HomeWidgetModel.swift; sourceTree = "<group>"; };
		855ED28F2571E34E00AD67EE /* HomeCardWidgetUIModel.swift */ = {isa = PBXFileReference; lastKnownFileType = sourcecode.swift; path = HomeCardWidgetUIModel.swift; sourceTree = "<group>"; };
		855ED29A257200AF00AD67EE /* HomeStatementWidgetView.swift */ = {isa = PBXFileReference; lastKnownFileType = sourcecode.swift; path = HomeStatementWidgetView.swift; sourceTree = "<group>"; };
		855ED29F2572033900AD67EE /* HomeStatementWidgetUIModel.swift */ = {isa = PBXFileReference; lastKnownFileType = sourcecode.swift; path = HomeStatementWidgetUIModel.swift; sourceTree = "<group>"; };
		855ED2A925720D8D00AD67EE /* CardDetailViewController.swift */ = {isa = PBXFileReference; lastKnownFileType = sourcecode.swift; path = CardDetailViewController.swift; sourceTree = "<group>"; };
		855ED2B125720D9E00AD67EE /* StatementDetailViewController.swift */ = {isa = PBXFileReference; lastKnownFileType = sourcecode.swift; path = StatementDetailViewController.swift; sourceTree = "<group>"; };
		85670737257267AA00B06AC3 /* CardView.swift */ = {isa = PBXFileReference; lastKnownFileType = sourcecode.swift; path = CardView.swift; sourceTree = "<group>"; };
		85670744257270DE00B06AC3 /* CardDetailViewModel.swift */ = {isa = PBXFileReference; lastKnownFileType = sourcecode.swift; path = CardDetailViewModel.swift; sourceTree = "<group>"; };
		856707492572713200B06AC3 /* CardDetailModel.swift */ = {isa = PBXFileReference; lastKnownFileType = sourcecode.swift; path = CardDetailModel.swift; sourceTree = "<group>"; };
		856707542572759800B06AC3 /* CardDetailView.swift */ = {isa = PBXFileReference; lastKnownFileType = sourcecode.swift; path = CardDetailView.swift; sourceTree = "<group>"; };
		85670759257286F500B06AC3 /* StatementDetailModel.swift */ = {isa = PBXFileReference; lastKnownFileType = sourcecode.swift; path = StatementDetailModel.swift; sourceTree = "<group>"; };
		856707642572881300B06AC3 /* StatementDetailViewModel.swift */ = {isa = PBXFileReference; lastKnownFileType = sourcecode.swift; path = StatementDetailViewModel.swift; sourceTree = "<group>"; };
		856707692572898A00B06AC3 /* StatementDetailView.swift */ = {isa = PBXFileReference; lastKnownFileType = sourcecode.swift; path = StatementDetailView.swift; sourceTree = "<group>"; };
		856707802572C2CD00B06AC3 /* HttpClientTests.swift */ = {isa = PBXFileReference; lastKnownFileType = sourcecode.swift; path = HttpClientTests.swift; sourceTree = "<group>"; };
		856707A025730E2600B06AC3 /* InterviewAPI.swift */ = {isa = PBXFileReference; lastKnownFileType = sourcecode.swift; path = InterviewAPI.swift; sourceTree = "<group>"; };
		856707A62573182400B06AC3 /* HTTPMock.swift */ = {isa = PBXFileReference; lastKnownFileType = sourcecode.swift; path = HTTPMock.swift; sourceTree = "<group>"; };
		856707AE25731D3400B06AC3 /* InterviewAPITest.swift */ = {isa = PBXFileReference; lastKnownFileType = sourcecode.swift; path = InterviewAPITest.swift; sourceTree = "<group>"; };
		85BC5DBD2571946700125362 /* HomeHeaderWidgetUIModel.swift */ = {isa = PBXFileReference; lastKnownFileType = sourcecode.swift; path = HomeHeaderWidgetUIModel.swift; sourceTree = "<group>"; };
		85BC5DC22571949F00125362 /* HomeCardWidgetView.swift */ = {isa = PBXFileReference; lastKnownFileType = sourcecode.swift; path = HomeCardWidgetView.swift; sourceTree = "<group>"; };
		85BC5DC72571955E00125362 /* HomeCardView.swift */ = {isa = PBXFileReference; lastKnownFileType = sourcecode.swift; path = HomeCardView.swift; sourceTree = "<group>"; };
/* End PBXFileReference section */

/* Begin PBXFrameworksBuildPhase section */
		8524690D256F38F800A81A66 /* Frameworks */ = {
			isa = PBXFrameworksBuildPhase;
			buildActionMask = 2147483647;
			files = (
			);
			runOnlyForDeploymentPostprocessing = 0;
		};
		85246923256F38FA00A81A66 /* Frameworks */ = {
			isa = PBXFrameworksBuildPhase;
			buildActionMask = 2147483647;
			files = (
			);
			runOnlyForDeploymentPostprocessing = 0;
		};
		8524692E256F38FA00A81A66 /* Frameworks */ = {
			isa = PBXFrameworksBuildPhase;
			buildActionMask = 2147483647;
			files = (
			);
			runOnlyForDeploymentPostprocessing = 0;
		};
/* End PBXFrameworksBuildPhase section */

/* Begin PBXGroup section */
		85246907256F38F800A81A66 = {
			isa = PBXGroup;
			children = (
				85246912256F38F800A81A66 /* MPInterview */,
				85246929256F38FA00A81A66 /* MPInterviewTests */,
				85246934256F38FA00A81A66 /* MPInterviewUITests */,
				85246911256F38F800A81A66 /* Products */,
			);
			sourceTree = "<group>";
		};
		85246911256F38F800A81A66 /* Products */ = {
			isa = PBXGroup;
			children = (
				85246910256F38F800A81A66 /* MPInterview.app */,
				85246926256F38FA00A81A66 /* MPInterviewTests.xctest */,
				85246931256F38FA00A81A66 /* MPInterviewUITests.xctest */,
			);
			name = Products;
			sourceTree = "<group>";
		};
		85246912256F38F800A81A66 /* MPInterview */ = {
			isa = PBXGroup;
			children = (
				85246913256F38F800A81A66 /* AppDelegate.swift */,
				85246915256F38F800A81A66 /* SceneDelegate.swift */,
				8524694C256F48CA00A81A66 /* Services */,
				8567079F25730E0D00B06AC3 /* API */,
				85246955256F556500A81A66 /* Models */,
				85246953256F552F00A81A66 /* Controllers */,
				85246954256F553A00A81A66 /* ViewModels */,
				855233FD2570554B00F1F952 /* Views */,
				85246945256F45C300A81A66 /* Assets */,
				85246944256F455E00A81A66 /* Storyboard */,
				8524694F256F504400A81A66 /* Constants.swift */,
				85246921256F38FA00A81A66 /* Info.plist */,
			);
			path = MPInterview;
			sourceTree = "<group>";
		};
		85246929256F38FA00A81A66 /* MPInterviewTests */ = {
			isa = PBXGroup;
			children = (
				8524692C256F38FA00A81A66 /* Info.plist */,
				856707A5257317ED00B06AC3 /* Mocks */,
				8524692A256F38FA00A81A66 /* MPInterviewTests.swift */,
				856707802572C2CD00B06AC3 /* HttpClientTests.swift */,
				856707AE25731D3400B06AC3 /* InterviewAPITest.swift */,
			);
			path = MPInterviewTests;
			sourceTree = "<group>";
		};
		85246934256F38FA00A81A66 /* MPInterviewUITests */ = {
			isa = PBXGroup;
			children = (
				85246935256F38FA00A81A66 /* MPInterviewUITests.swift */,
				85246937256F38FA00A81A66 /* Info.plist */,
			);
			path = MPInterviewUITests;
			sourceTree = "<group>";
		};
		85246944256F455E00A81A66 /* Storyboard */ = {
			isa = PBXGroup;
			children = (
				8524691E256F38FA00A81A66 /* LaunchScreen.storyboard */,
			);
			path = Storyboard;
			sourceTree = "<group>";
		};
		85246945256F45C300A81A66 /* Assets */ = {
			isa = PBXGroup;
			children = (
				8524691C256F38FA00A81A66 /* Assets.xcassets */,
			);
			path = Assets;
			sourceTree = "<group>";
		};
		8524694C256F48CA00A81A66 /* Services */ = {
			isa = PBXGroup;
			children = (
				8524694D256F494D00A81A66 /* HTTPClient.swift */,
			);
			path = Services;
			sourceTree = "<group>";
		};
		85246953256F552F00A81A66 /* Controllers */ = {
			isa = PBXGroup;
			children = (
				85246949256F46F800A81A66 /* BaseViewController.swift */,
				85246917256F38F800A81A66 /* HomeViewController.swift */,
				855ED2A925720D8D00AD67EE /* CardDetailViewController.swift */,
				855ED2B125720D9E00AD67EE /* StatementDetailViewController.swift */,
			);
			path = Controllers;
			sourceTree = "<group>";
		};
		85246954256F553A00A81A66 /* ViewModels */ = {
			isa = PBXGroup;
			children = (
				85246951256F54E300A81A66 /* HomeViewModel.swift */,
				85670744257270DE00B06AC3 /* CardDetailViewModel.swift */,
				856707642572881300B06AC3 /* StatementDetailViewModel.swift */,
			);
			path = ViewModels;
			sourceTree = "<group>";
		};
		85246955256F556500A81A66 /* Models */ = {
			isa = PBXGroup;
			children = (
				85246956256F561800A81A66 /* HomeWidgetModel.swift */,
				85BC5DBD2571946700125362 /* HomeHeaderWidgetUIModel.swift */,
				855ED28F2571E34E00AD67EE /* HomeCardWidgetUIModel.swift */,
				855ED29F2572033900AD67EE /* HomeStatementWidgetUIModel.swift */,
				856707492572713200B06AC3 /* CardDetailModel.swift */,
				85670759257286F500B06AC3 /* StatementDetailModel.swift */,
			);
			path = Models;
			sourceTree = "<group>";
		};
		855233FD2570554B00F1F952 /* Views */ = {
			isa = PBXGroup;
			children = (
				85BC5DC72571955E00125362 /* HomeCardView.swift */,
				85BC5DC22571949F00125362 /* HomeCardWidgetView.swift */,
				855ED29A257200AF00AD67EE /* HomeStatementWidgetView.swift */,
				85670737257267AA00B06AC3 /* CardView.swift */,
				856707542572759800B06AC3 /* CardDetailView.swift */,
				856707692572898A00B06AC3 /* StatementDetailView.swift */,
			);
			path = Views;
			sourceTree = "<group>";
		};
		8567079F25730E0D00B06AC3 /* API */ = {
			isa = PBXGroup;
			children = (
				856707A025730E2600B06AC3 /* InterviewAPI.swift */,
			);
			path = API;
			sourceTree = "<group>";
		};
		856707A5257317ED00B06AC3 /* Mocks */ = {
			isa = PBXGroup;
			children = (
				856707A62573182400B06AC3 /* HTTPMock.swift */,
			);
			path = Mocks;
			sourceTree = "<group>";
		};
/* End PBXGroup section */

/* Begin PBXNativeTarget section */
		8524690F256F38F800A81A66 /* MPInterview */ = {
			isa = PBXNativeTarget;
			buildConfigurationList = 8524693A256F38FA00A81A66 /* Build configuration list for PBXNativeTarget "MPInterview" */;
			buildPhases = (
				8524690C256F38F800A81A66 /* Sources */,
				8524690D256F38F800A81A66 /* Frameworks */,
				8524690E256F38F800A81A66 /* Resources */,
			);
			buildRules = (
			);
			dependencies = (
			);
			name = MPInterview;
			productName = MPInterview;
			productReference = 85246910256F38F800A81A66 /* MPInterview.app */;
			productType = "com.apple.product-type.application";
		};
		85246925256F38FA00A81A66 /* MPInterviewTests */ = {
			isa = PBXNativeTarget;
			buildConfigurationList = 8524693D256F38FA00A81A66 /* Build configuration list for PBXNativeTarget "MPInterviewTests" */;
			buildPhases = (
				85246922256F38FA00A81A66 /* Sources */,
				85246923256F38FA00A81A66 /* Frameworks */,
				85246924256F38FA00A81A66 /* Resources */,
			);
			buildRules = (
			);
			dependencies = (
				85246928256F38FA00A81A66 /* PBXTargetDependency */,
			);
			name = MPInterviewTests;
			productName = MPInterviewTests;
			productReference = 85246926256F38FA00A81A66 /* MPInterviewTests.xctest */;
			productType = "com.apple.product-type.bundle.unit-test";
		};
		85246930256F38FA00A81A66 /* MPInterviewUITests */ = {
			isa = PBXNativeTarget;
			buildConfigurationList = 85246940256F38FA00A81A66 /* Build configuration list for PBXNativeTarget "MPInterviewUITests" */;
			buildPhases = (
				8524692D256F38FA00A81A66 /* Sources */,
				8524692E256F38FA00A81A66 /* Frameworks */,
				8524692F256F38FA00A81A66 /* Resources */,
			);
			buildRules = (
			);
			dependencies = (
				85246933256F38FA00A81A66 /* PBXTargetDependency */,
			);
			name = MPInterviewUITests;
			productName = MPInterviewUITests;
			productReference = 85246931256F38FA00A81A66 /* MPInterviewUITests.xctest */;
			productType = "com.apple.product-type.bundle.ui-testing";
		};
/* End PBXNativeTarget section */

/* Begin PBXProject section */
		85246908256F38F800A81A66 /* Project object */ = {
			isa = PBXProject;
			attributes = {
				LastSwiftUpdateCheck = 1160;
				LastUpgradeCheck = 1220;
				ORGANIZATIONNAME = ml2s;
				TargetAttributes = {
					8524690F256F38F800A81A66 = {
						CreatedOnToolsVersion = 11.6;
					};
					85246925256F38FA00A81A66 = {
						CreatedOnToolsVersion = 11.6;
						TestTargetID = 8524690F256F38F800A81A66;
					};
					85246930256F38FA00A81A66 = {
						CreatedOnToolsVersion = 11.6;
						TestTargetID = 8524690F256F38F800A81A66;
					};
				};
			};
			buildConfigurationList = 8524690B256F38F800A81A66 /* Build configuration list for PBXProject "MPInterview" */;
			compatibilityVersion = "Xcode 9.3";
			developmentRegion = en;
			hasScannedForEncodings = 0;
			knownRegions = (
				en,
				Base,
			);
			mainGroup = 85246907256F38F800A81A66;
			productRefGroup = 85246911256F38F800A81A66 /* Products */;
			projectDirPath = "";
			projectRoot = "";
			targets = (
				8524690F256F38F800A81A66 /* MPInterview */,
				85246925256F38FA00A81A66 /* MPInterviewTests */,
				85246930256F38FA00A81A66 /* MPInterviewUITests */,
			);
		};
/* End PBXProject section */

/* Begin PBXResourcesBuildPhase section */
		8524690E256F38F800A81A66 /* Resources */ = {
			isa = PBXResourcesBuildPhase;
			buildActionMask = 2147483647;
			files = (
				85246920256F38FA00A81A66 /* LaunchScreen.storyboard in Resources */,
				8524691D256F38FA00A81A66 /* Assets.xcassets in Resources */,
			);
			runOnlyForDeploymentPostprocessing = 0;
		};
		85246924256F38FA00A81A66 /* Resources */ = {
			isa = PBXResourcesBuildPhase;
			buildActionMask = 2147483647;
			files = (
			);
			runOnlyForDeploymentPostprocessing = 0;
		};
		8524692F256F38FA00A81A66 /* Resources */ = {
			isa = PBXResourcesBuildPhase;
			buildActionMask = 2147483647;
			files = (
			);
			runOnlyForDeploymentPostprocessing = 0;
		};
/* End PBXResourcesBuildPhase section */

/* Begin PBXSourcesBuildPhase section */
		8524690C256F38F800A81A66 /* Sources */ = {
			isa = PBXSourcesBuildPhase;
			buildActionMask = 2147483647;
			files = (
				85246918256F38F800A81A66 /* HomeViewController.swift in Sources */,
				85246914256F38F800A81A66 /* AppDelegate.swift in Sources */,
				85BC5DC32571949F00125362 /* HomeCardWidgetView.swift in Sources */,
				855ED29B257200AF00AD67EE /* HomeStatementWidgetView.swift in Sources */,
				85BC5DC82571955E00125362 /* HomeCardView.swift in Sources */,
				855ED2A02572033900AD67EE /* HomeStatementWidgetUIModel.swift in Sources */,
				85246952256F54E300A81A66 /* HomeViewModel.swift in Sources */,
				856707552572759800B06AC3 /* CardDetailView.swift in Sources */,
				85BC5DBE2571946700125362 /* HomeHeaderWidgetUIModel.swift in Sources */,
				8567076A2572898A00B06AC3 /* StatementDetailView.swift in Sources */,
				8567075A257286F500B06AC3 /* StatementDetailModel.swift in Sources */,
				85670745257270DE00B06AC3 /* CardDetailViewModel.swift in Sources */,
				855ED2AA25720D8D00AD67EE /* CardDetailViewController.swift in Sources */,
				8567074A2572713200B06AC3 /* CardDetailModel.swift in Sources */,
				8524694A256F46F800A81A66 /* BaseViewController.swift in Sources */,
				85246916256F38F800A81A66 /* SceneDelegate.swift in Sources */,
				85246957256F561800A81A66 /* HomeWidgetModel.swift in Sources */,
				855ED2B225720D9E00AD67EE /* StatementDetailViewController.swift in Sources */,
				8524694E256F494D00A81A66 /* HTTPClient.swift in Sources */,
				855ED2902571E34E00AD67EE /* HomeCardWidgetUIModel.swift in Sources */,
				856707A125730E2600B06AC3 /* InterviewAPI.swift in Sources */,
				85670738257267AA00B06AC3 /* CardView.swift in Sources */,
				85246950256F504400A81A66 /* Constants.swift in Sources */,
				856707652572881300B06AC3 /* StatementDetailViewModel.swift in Sources */,
			);
			runOnlyForDeploymentPostprocessing = 0;
		};
		85246922256F38FA00A81A66 /* Sources */ = {
			isa = PBXSourcesBuildPhase;
			buildActionMask = 2147483647;
			files = (
				856707AF25731D3400B06AC3 /* InterviewAPITest.swift in Sources */,
				856707A72573182400B06AC3 /* HTTPMock.swift in Sources */,
				8524692B256F38FA00A81A66 /* MPInterviewTests.swift in Sources */,
				856707812572C2CD00B06AC3 /* HttpClientTests.swift in Sources */,
			);
			runOnlyForDeploymentPostprocessing = 0;
		};
		8524692D256F38FA00A81A66 /* Sources */ = {
			isa = PBXSourcesBuildPhase;
			buildActionMask = 2147483647;
			files = (
				85246936256F38FA00A81A66 /* MPInterviewUITests.swift in Sources */,
			);
			runOnlyForDeploymentPostprocessing = 0;
		};
/* End PBXSourcesBuildPhase section */

/* Begin PBXTargetDependency section */
		85246928256F38FA00A81A66 /* PBXTargetDependency */ = {
			isa = PBXTargetDependency;
			target = 8524690F256F38F800A81A66 /* MPInterview */;
			targetProxy = 85246927256F38FA00A81A66 /* PBXContainerItemProxy */;
		};
		85246933256F38FA00A81A66 /* PBXTargetDependency */ = {
			isa = PBXTargetDependency;
			target = 8524690F256F38F800A81A66 /* MPInterview */;
			targetProxy = 85246932256F38FA00A81A66 /* PBXContainerItemProxy */;
		};
/* End PBXTargetDependency section */

/* Begin PBXVariantGroup section */
		8524691E256F38FA00A81A66 /* LaunchScreen.storyboard */ = {
			isa = PBXVariantGroup;
			children = (
				8524691F256F38FA00A81A66 /* Base */,
			);
			name = LaunchScreen.storyboard;
			sourceTree = "<group>";
		};
/* End PBXVariantGroup section */

/* Begin XCBuildConfiguration section */
		85246938256F38FA00A81A66 /* Debug */ = {
			isa = XCBuildConfiguration;
			buildSettings = {
				ALWAYS_SEARCH_USER_PATHS = NO;
				CLANG_ANALYZER_NONNULL = YES;
				CLANG_ANALYZER_NUMBER_OBJECT_CONVERSION = YES_AGGRESSIVE;
				CLANG_CXX_LANGUAGE_STANDARD = "gnu++14";
				CLANG_CXX_LIBRARY = "libc++";
				CLANG_ENABLE_MODULES = YES;
				CLANG_ENABLE_OBJC_ARC = YES;
				CLANG_ENABLE_OBJC_WEAK = YES;
				CLANG_WARN_BLOCK_CAPTURE_AUTORELEASING = YES;
				CLANG_WARN_BOOL_CONVERSION = YES;
				CLANG_WARN_COMMA = YES;
				CLANG_WARN_CONSTANT_CONVERSION = YES;
				CLANG_WARN_DEPRECATED_OBJC_IMPLEMENTATIONS = YES;
				CLANG_WARN_DIRECT_OBJC_ISA_USAGE = YES_ERROR;
				CLANG_WARN_DOCUMENTATION_COMMENTS = YES;
				CLANG_WARN_EMPTY_BODY = YES;
				CLANG_WARN_ENUM_CONVERSION = YES;
				CLANG_WARN_INFINITE_RECURSION = YES;
				CLANG_WARN_INT_CONVERSION = YES;
				CLANG_WARN_NON_LITERAL_NULL_CONVERSION = YES;
				CLANG_WARN_OBJC_IMPLICIT_RETAIN_SELF = YES;
				CLANG_WARN_OBJC_LITERAL_CONVERSION = YES;
				CLANG_WARN_OBJC_ROOT_CLASS = YES_ERROR;
				CLANG_WARN_QUOTED_INCLUDE_IN_FRAMEWORK_HEADER = YES;
				CLANG_WARN_RANGE_LOOP_ANALYSIS = YES;
				CLANG_WARN_STRICT_PROTOTYPES = YES;
				CLANG_WARN_SUSPICIOUS_MOVE = YES;
				CLANG_WARN_UNGUARDED_AVAILABILITY = YES_AGGRESSIVE;
				CLANG_WARN_UNREACHABLE_CODE = YES;
				CLANG_WARN__DUPLICATE_METHOD_MATCH = YES;
				COPY_PHASE_STRIP = NO;
				DEBUG_INFORMATION_FORMAT = dwarf;
				ENABLE_STRICT_OBJC_MSGSEND = YES;
				ENABLE_TESTABILITY = YES;
				GCC_C_LANGUAGE_STANDARD = gnu11;
				GCC_DYNAMIC_NO_PIC = NO;
				GCC_NO_COMMON_BLOCKS = YES;
				GCC_OPTIMIZATION_LEVEL = 0;
				GCC_PREPROCESSOR_DEFINITIONS = (
					"DEBUG=1",
					"$(inherited)",
				);
				GCC_WARN_64_TO_32_BIT_CONVERSION = YES;
				GCC_WARN_ABOUT_RETURN_TYPE = YES_ERROR;
				GCC_WARN_UNDECLARED_SELECTOR = YES;
				GCC_WARN_UNINITIALIZED_AUTOS = YES_AGGRESSIVE;
				GCC_WARN_UNUSED_FUNCTION = YES;
				GCC_WARN_UNUSED_VARIABLE = YES;
				IPHONEOS_DEPLOYMENT_TARGET = 13.6;
				MTL_ENABLE_DEBUG_INFO = INCLUDE_SOURCE;
				MTL_FAST_MATH = YES;
				ONLY_ACTIVE_ARCH = YES;
				SDKROOT = iphoneos;
				SWIFT_ACTIVE_COMPILATION_CONDITIONS = DEBUG;
				SWIFT_OPTIMIZATION_LEVEL = "-Onone";
			};
			name = Debug;
		};
		85246939256F38FA00A81A66 /* Release */ = {
			isa = XCBuildConfiguration;
			buildSettings = {
				ALWAYS_SEARCH_USER_PATHS = NO;
				CLANG_ANALYZER_NONNULL = YES;
				CLANG_ANALYZER_NUMBER_OBJECT_CONVERSION = YES_AGGRESSIVE;
				CLANG_CXX_LANGUAGE_STANDARD = "gnu++14";
				CLANG_CXX_LIBRARY = "libc++";
				CLANG_ENABLE_MODULES = YES;
				CLANG_ENABLE_OBJC_ARC = YES;
				CLANG_ENABLE_OBJC_WEAK = YES;
				CLANG_WARN_BLOCK_CAPTURE_AUTORELEASING = YES;
				CLANG_WARN_BOOL_CONVERSION = YES;
				CLANG_WARN_COMMA = YES;
				CLANG_WARN_CONSTANT_CONVERSION = YES;
				CLANG_WARN_DEPRECATED_OBJC_IMPLEMENTATIONS = YES;
				CLANG_WARN_DIRECT_OBJC_ISA_USAGE = YES_ERROR;
				CLANG_WARN_DOCUMENTATION_COMMENTS = YES;
				CLANG_WARN_EMPTY_BODY = YES;
				CLANG_WARN_ENUM_CONVERSION = YES;
				CLANG_WARN_INFINITE_RECURSION = YES;
				CLANG_WARN_INT_CONVERSION = YES;
				CLANG_WARN_NON_LITERAL_NULL_CONVERSION = YES;
				CLANG_WARN_OBJC_IMPLICIT_RETAIN_SELF = YES;
				CLANG_WARN_OBJC_LITERAL_CONVERSION = YES;
				CLANG_WARN_OBJC_ROOT_CLASS = YES_ERROR;
				CLANG_WARN_QUOTED_INCLUDE_IN_FRAMEWORK_HEADER = YES;
				CLANG_WARN_RANGE_LOOP_ANALYSIS = YES;
				CLANG_WARN_STRICT_PROTOTYPES = YES;
				CLANG_WARN_SUSPICIOUS_MOVE = YES;
				CLANG_WARN_UNGUARDED_AVAILABILITY = YES_AGGRESSIVE;
				CLANG_WARN_UNREACHABLE_CODE = YES;
				CLANG_WARN__DUPLICATE_METHOD_MATCH = YES;
				COPY_PHASE_STRIP = NO;
				DEBUG_INFORMATION_FORMAT = "dwarf-with-dsym";
				ENABLE_NS_ASSERTIONS = NO;
				ENABLE_STRICT_OBJC_MSGSEND = YES;
				GCC_C_LANGUAGE_STANDARD = gnu11;
				GCC_NO_COMMON_BLOCKS = YES;
				GCC_WARN_64_TO_32_BIT_CONVERSION = YES;
				GCC_WARN_ABOUT_RETURN_TYPE = YES_ERROR;
				GCC_WARN_UNDECLARED_SELECTOR = YES;
				GCC_WARN_UNINITIALIZED_AUTOS = YES_AGGRESSIVE;
				GCC_WARN_UNUSED_FUNCTION = YES;
				GCC_WARN_UNUSED_VARIABLE = YES;
				IPHONEOS_DEPLOYMENT_TARGET = 13.6;
				MTL_ENABLE_DEBUG_INFO = NO;
				MTL_FAST_MATH = YES;
				SDKROOT = iphoneos;
				SWIFT_COMPILATION_MODE = wholemodule;
				SWIFT_OPTIMIZATION_LEVEL = "-O";
				VALIDATE_PRODUCT = YES;
			};
			name = Release;
		};
		8524693B256F38FA00A81A66 /* Debug */ = {
			isa = XCBuildConfiguration;
			buildSettings = {
				ASSETCATALOG_COMPILER_APPICON_NAME = AppIcon;
				CODE_SIGN_STYLE = Automatic;
				DEVELOPMENT_TEAM = 598AL24HDN;
				INFOPLIST_FILE = MPInterview/Info.plist;
				LD_RUNPATH_SEARCH_PATHS = (
					"$(inherited)",
					"@executable_path/Frameworks",
				);
				PRODUCT_BUNDLE_IDENTIFIER = com.ml2s.MPInterview;
				PRODUCT_NAME = "$(TARGET_NAME)";
				SWIFT_VERSION = 5.0;
				TARGETED_DEVICE_FAMILY = "1,2";
			};
			name = Debug;
		};
		8524693C256F38FA00A81A66 /* Release */ = {
			isa = XCBuildConfiguration;
			buildSettings = {
				ASSETCATALOG_COMPILER_APPICON_NAME = AppIcon;
				CODE_SIGN_STYLE = Automatic;
				DEVELOPMENT_TEAM = 598AL24HDN;
				INFOPLIST_FILE = MPInterview/Info.plist;
				LD_RUNPATH_SEARCH_PATHS = (
					"$(inherited)",
					"@executable_path/Frameworks",
				);
				PRODUCT_BUNDLE_IDENTIFIER = com.ml2s.MPInterview;
				PRODUCT_NAME = "$(TARGET_NAME)";
				SWIFT_VERSION = 5.0;
				TARGETED_DEVICE_FAMILY = "1,2";
			};
			name = Release;
		};
		8524693E256F38FA00A81A66 /* Debug */ = {
			isa = XCBuildConfiguration;
			buildSettings = {
				ALWAYS_EMBED_SWIFT_STANDARD_LIBRARIES = YES;
				BUNDLE_LOADER = "$(TEST_HOST)";
				CODE_SIGN_STYLE = Automatic;
				DEVELOPMENT_TEAM = 598AL24HDN;
				INFOPLIST_FILE = MPInterviewTests/Info.plist;
				IPHONEOS_DEPLOYMENT_TARGET = 13.6;
				LD_RUNPATH_SEARCH_PATHS = (
					"$(inherited)",
					"@executable_path/Frameworks",
					"@loader_path/Frameworks",
				);
				PRODUCT_BUNDLE_IDENTIFIER = com.ml2s.MPInterviewTests;
				PRODUCT_NAME = "$(TARGET_NAME)";
				SWIFT_VERSION = 5.0;
				TARGETED_DEVICE_FAMILY = "1,2";
				TEST_HOST = "$(BUILT_PRODUCTS_DIR)/MPInterview.app/MPInterview";
			};
			name = Debug;
		};
		8524693F256F38FA00A81A66 /* Release */ = {
			isa = XCBuildConfiguration;
			buildSettings = {
				ALWAYS_EMBED_SWIFT_STANDARD_LIBRARIES = YES;
				BUNDLE_LOADER = "$(TEST_HOST)";
				CODE_SIGN_STYLE = Automatic;
				DEVELOPMENT_TEAM = 598AL24HDN;
				INFOPLIST_FILE = MPInterviewTests/Info.plist;
				IPHONEOS_DEPLOYMENT_TARGET = 13.6;
				LD_RUNPATH_SEARCH_PATHS = (
					"$(inherited)",
					"@executable_path/Frameworks",
					"@loader_path/Frameworks",
				);
				PRODUCT_BUNDLE_IDENTIFIER = com.ml2s.MPInterviewTests;
				PRODUCT_NAME = "$(TARGET_NAME)";
				SWIFT_VERSION = 5.0;
				TARGETED_DEVICE_FAMILY = "1,2";
				TEST_HOST = "$(BUILT_PRODUCTS_DIR)/MPInterview.app/MPInterview";
			};
			name = Release;
		};
		85246941256F38FA00A81A66 /* Debug */ = {
			isa = XCBuildConfiguration;
			buildSettings = {
				ALWAYS_EMBED_SWIFT_STANDARD_LIBRARIES = YES;
				CODE_SIGN_STYLE = Automatic;
				DEVELOPMENT_TEAM = 598AL24HDN;
				INFOPLIST_FILE = MPInterviewUITests/Info.plist;
				LD_RUNPATH_SEARCH_PATHS = (
					"$(inherited)",
					"@executable_path/Frameworks",
					"@loader_path/Frameworks",
				);
				PRODUCT_BUNDLE_IDENTIFIER = com.ml2s.MPInterviewUITests;
				PRODUCT_NAME = "$(TARGET_NAME)";
				SWIFT_VERSION = 5.0;
				TARGETED_DEVICE_FAMILY = "1,2";
				TEST_TARGET_NAME = MPInterview;
			};
			name = Debug;
		};
		85246942256F38FA00A81A66 /* Release */ = {
			isa = XCBuildConfiguration;
			buildSettings = {
				ALWAYS_EMBED_SWIFT_STANDARD_LIBRARIES = YES;
				CODE_SIGN_STYLE = Automatic;
				DEVELOPMENT_TEAM = 598AL24HDN;
				INFOPLIST_FILE = MPInterviewUITests/Info.plist;
				LD_RUNPATH_SEARCH_PATHS = (
					"$(inherited)",
					"@executable_path/Frameworks",
					"@loader_path/Frameworks",
				);
				PRODUCT_BUNDLE_IDENTIFIER = com.ml2s.MPInterviewUITests;
				PRODUCT_NAME = "$(TARGET_NAME)";
				SWIFT_VERSION = 5.0;
				TARGETED_DEVICE_FAMILY = "1,2";
				TEST_TARGET_NAME = MPInterview;
			};
			name = Release;
		};
/* End XCBuildConfiguration section */

/* Begin XCConfigurationList section */
		8524690B256F38F800A81A66 /* Build configuration list for PBXProject "MPInterview" */ = {
			isa = XCConfigurationList;
			buildConfigurations = (
				85246938256F38FA00A81A66 /* Debug */,
				85246939256F38FA00A81A66 /* Release */,
			);
			defaultConfigurationIsVisible = 0;
			defaultConfigurationName = Release;
		};
		8524693A256F38FA00A81A66 /* Build configuration list for PBXNativeTarget "MPInterview" */ = {
			isa = XCConfigurationList;
			buildConfigurations = (
				8524693B256F38FA00A81A66 /* Debug */,
				8524693C256F38FA00A81A66 /* Release */,
			);
			defaultConfigurationIsVisible = 0;
			defaultConfigurationName = Release;
		};
		8524693D256F38FA00A81A66 /* Build configuration list for PBXNativeTarget "MPInterviewTests" */ = {
			isa = XCConfigurationList;
			buildConfigurations = (
				8524693E256F38FA00A81A66 /* Debug */,
				8524693F256F38FA00A81A66 /* Release */,
			);
			defaultConfigurationIsVisible = 0;
			defaultConfigurationName = Release;
		};
		85246940256F38FA00A81A66 /* Build configuration list for PBXNativeTarget "MPInterviewUITests" */ = {
			isa = XCConfigurationList;
			buildConfigurations = (
				85246941256F38FA00A81A66 /* Debug */,
				85246942256F38FA00A81A66 /* Release */,
			);
			defaultConfigurationIsVisible = 0;
			defaultConfigurationName = Release;
		};
/* End XCConfigurationList section */
	};
	rootObject = 85246908256F38F800A81A66 /* Project object */;
}
